// !$*UTF8*$!
{
	archiveVersion = 1;
	classes = {
	};
	objectVersion = 77;
	objects = {

/* Begin PBXBuildFile section */
		047E5DAC2EA9038600E36996 /* GoogleService-Info.plist in Resources */ = {isa = PBXBuildFile; fileRef = 047E5DAB2EA9038600E36996 /* GoogleService-Info.plist */; };
		047E5DAD2EA9038600E36996 /* GoogleService-Info.plist in Resources */ = {isa = PBXBuildFile; fileRef = 047E5DAB2EA9038600E36996 /* GoogleService-Info.plist */; };
		047E5DAE2EA9038600E36996 /* GoogleService-Info.plist in Resources */ = {isa = PBXBuildFile; fileRef = 047E5DAB2EA9038600E36996 /* GoogleService-Info.plist */; };
		04C001052EAF971800D59256 /* WidgetKit.framework in Frameworks */ = {isa = PBXBuildFile; fileRef = 04C001042EAF971800D59256 /* WidgetKit.framework */; };
		04C001072EAF971800D59256 /* SwiftUI.framework in Frameworks */ = {isa = PBXBuildFile; fileRef = 04C001062EAF971800D59256 /* SwiftUI.framework */; };
		04C001142EAF971900D59256 /* HydrationWidgetExtensionExtension.appex in Embed Foundation Extensions */ = {isa = PBXBuildFile; fileRef = 04C001032EAF971800D59256 /* HydrationWidgetExtensionExtension.appex */; settings = {ATTRIBUTES = (RemoveHeadersOnCopy, ); }; };
		33F649CB51072DE50504D38F /* Pods_WaterQualityApp.framework in Frameworks */ = {isa = PBXBuildFile; fileRef = B70DE70EEF67FCE435B9E17D /* Pods_WaterQualityApp.framework */; };
/* End PBXBuildFile section */

/* Begin PBXContainerItemProxy section */
		0484948B2E993AC500647AA4 /* PBXContainerItemProxy */ = {
			isa = PBXContainerItemProxy;
			containerPortal = 048494722E993AC300647AA4 /* Project object */;
			proxyType = 1;
			remoteGlobalIDString = 048494792E993AC300647AA4;
			remoteInfo = WaterQualityApp;
		};
		048494952E993AC500647AA4 /* PBXContainerItemProxy */ = {
			isa = PBXContainerItemProxy;
			containerPortal = 048494722E993AC300647AA4 /* Project object */;
			proxyType = 1;
			remoteGlobalIDString = 048494792E993AC300647AA4;
			remoteInfo = WaterQualityApp;
		};
		04C001122EAF971900D59256 /* PBXContainerItemProxy */ = {
			isa = PBXContainerItemProxy;
			containerPortal = 048494722E993AC300647AA4 /* Project object */;
			proxyType = 1;
			remoteGlobalIDString = 04C001022EAF971800D59256;
			remoteInfo = HydrationWidgetExtensionExtension;
		};
/* End PBXContainerItemProxy section */

/* Begin PBXCopyFilesBuildPhase section */
		04C001192EAF971900D59256 /* Embed Foundation Extensions */ = {
			isa = PBXCopyFilesBuildPhase;
			buildActionMask = 2147483647;
			dstPath = "";
			dstSubfolderSpec = 13;
			files = (
				04C001142EAF971900D59256 /* HydrationWidgetExtensionExtension.appex in Embed Foundation Extensions */,
			);
			name = "Embed Foundation Extensions";
			runOnlyForDeploymentPostprocessing = 0;
		};
/* End PBXCopyFilesBuildPhase section */

/* Begin PBXFileReference section */
		047E5DAB2EA9038600E36996 /* GoogleService-Info.plist */ = {isa = PBXFileReference; lastKnownFileType = text.plist.xml; path = "GoogleService-Info.plist"; sourceTree = "<group>"; };
		0484947A2E993AC300647AA4 /* WaterQualityApp.app */ = {isa = PBXFileReference; explicitFileType = wrapper.application; includeInIndex = 0; path = WaterQualityApp.app; sourceTree = BUILT_PRODUCTS_DIR; };
		0484948A2E993AC500647AA4 /* WaterQualityAppTests.xctest */ = {isa = PBXFileReference; explicitFileType = wrapper.cfbundle; includeInIndex = 0; path = WaterQualityAppTests.xctest; sourceTree = BUILT_PRODUCTS_DIR; };
		048494942E993AC500647AA4 /* WaterQualityAppUITests.xctest */ = {isa = PBXFileReference; explicitFileType = wrapper.cfbundle; includeInIndex = 0; path = WaterQualityAppUITests.xctest; sourceTree = BUILT_PRODUCTS_DIR; };
		04C001032EAF971800D59256 /* HydrationWidgetExtensionExtension.appex */ = {isa = PBXFileReference; explicitFileType = "wrapper.app-extension"; includeInIndex = 0; path = HydrationWidgetExtensionExtension.appex; sourceTree = BUILT_PRODUCTS_DIR; };
		04C001042EAF971800D59256 /* WidgetKit.framework */ = {isa = PBXFileReference; lastKnownFileType = wrapper.framework; name = WidgetKit.framework; path = System/Library/Frameworks/WidgetKit.framework; sourceTree = SDKROOT; };
		04C001062EAF971800D59256 /* SwiftUI.framework */ = {isa = PBXFileReference; lastKnownFileType = wrapper.framework; name = SwiftUI.framework; path = System/Library/Frameworks/SwiftUI.framework; sourceTree = SDKROOT; };
		3BEE32946C91F8EEE7DB35BE /* Pods-WaterQualityApp.debug.xcconfig */ = {isa = PBXFileReference; includeInIndex = 1; lastKnownFileType = text.xcconfig; name = "Pods-WaterQualityApp.debug.xcconfig"; path = "Target Support Files/Pods-WaterQualityApp/Pods-WaterQualityApp.debug.xcconfig"; sourceTree = "<group>"; };
		B70DE70EEF67FCE435B9E17D /* Pods_WaterQualityApp.framework */ = {isa = PBXFileReference; explicitFileType = wrapper.framework; includeInIndex = 0; path = Pods_WaterQualityApp.framework; sourceTree = BUILT_PRODUCTS_DIR; };
		DF91EDA32CEDE0CA92C58D22 /* Pods-WaterQualityApp.release.xcconfig */ = {isa = PBXFileReference; includeInIndex = 1; lastKnownFileType = text.xcconfig; name = "Pods-WaterQualityApp.release.xcconfig"; path = "Target Support Files/Pods-WaterQualityApp/Pods-WaterQualityApp.release.xcconfig"; sourceTree = "<group>"; };
/* End PBXFileReference section */

/* Begin PBXFileSystemSynchronizedBuildFileExceptionSet section */
		04C001152EAF971900D59256 /* Exceptions for "HydrationWidgetExtension" folder in "HydrationWidgetExtensionExtension" target */ = {
			isa = PBXFileSystemSynchronizedBuildFileExceptionSet;
			membershipExceptions = (
				Info.plist,
			);
			target = 04C001022EAF971800D59256 /* HydrationWidgetExtensionExtension */;
		};
/* End PBXFileSystemSynchronizedBuildFileExceptionSet section */

/* Begin PBXFileSystemSynchronizedRootGroup section */
		0484947C2E993AC300647AA4 /* WaterQualityApp */ = {
			isa = PBXFileSystemSynchronizedRootGroup;
			path = WaterQualityApp;
			sourceTree = "<group>";
		};
		0484948D2E993AC500647AA4 /* WaterQualityAppTests */ = {
			isa = PBXFileSystemSynchronizedRootGroup;
			path = WaterQualityAppTests;
			sourceTree = "<group>";
		};
		048494972E993AC500647AA4 /* WaterQualityAppUITests */ = {
			isa = PBXFileSystemSynchronizedRootGroup;
			path = WaterQualityAppUITests;
			sourceTree = "<group>";
		};
		04C001082EAF971800D59256 /* HydrationWidgetExtension */ = {
			isa = PBXFileSystemSynchronizedRootGroup;
			exceptions = (
				04C001152EAF971900D59256 /* Exceptions for "HydrationWidgetExtension" folder in "HydrationWidgetExtensionExtension" target */,
			);
			path = HydrationWidgetExtension;
			sourceTree = "<group>";
		};
/* End PBXFileSystemSynchronizedRootGroup section */

/* Begin PBXFrameworksBuildPhase section */
		048494772E993AC300647AA4 /* Frameworks */ = {
			isa = PBXFrameworksBuildPhase;
			buildActionMask = 2147483647;
			files = (
				33F649CB51072DE50504D38F /* Pods_WaterQualityApp.framework in Frameworks */,
			);
			runOnlyForDeploymentPostprocessing = 0;
		};
		048494872E993AC500647AA4 /* Frameworks */ = {
			isa = PBXFrameworksBuildPhase;
			buildActionMask = 2147483647;
			files = (
			);
			runOnlyForDeploymentPostprocessing = 0;
		};
		048494912E993AC500647AA4 /* Frameworks */ = {
			isa = PBXFrameworksBuildPhase;
			buildActionMask = 2147483647;
			files = (
			);
			runOnlyForDeploymentPostprocessing = 0;
		};
		04C001002EAF971800D59256 /* Frameworks */ = {
			isa = PBXFrameworksBuildPhase;
			buildActionMask = 2147483647;
			files = (
				04C001072EAF971800D59256 /* SwiftUI.framework in Frameworks */,
				04C001052EAF971800D59256 /* WidgetKit.framework in Frameworks */,
			);
			runOnlyForDeploymentPostprocessing = 0;
		};
/* End PBXFrameworksBuildPhase section */

/* Begin PBXGroup section */
		048494712E993AC300647AA4 = {
			isa = PBXGroup;
			children = (
				0484947C2E993AC300647AA4 /* WaterQualityApp */,
				0484948D2E993AC500647AA4 /* WaterQualityAppTests */,
				048494972E993AC500647AA4 /* WaterQualityAppUITests */,
				04C001082EAF971800D59256 /* HydrationWidgetExtension */,
				0484947B2E993AC300647AA4 /* Products */,
				05F69DB2A933D2E0D5D8B7EC /* Pods */,
				140A90DAA2AC05E9680EF61B /* Frameworks */,
				047E5DAB2EA9038600E36996 /* GoogleService-Info.plist */,
			);
			sourceTree = "<group>";
		};
		0484947B2E993AC300647AA4 /* Products */ = {
			isa = PBXGroup;
			children = (
				0484947A2E993AC300647AA4 /* WaterQualityApp.app */,
				0484948A2E993AC500647AA4 /* WaterQualityAppTests.xctest */,
				048494942E993AC500647AA4 /* WaterQualityAppUITests.xctest */,
				04C001032EAF971800D59256 /* HydrationWidgetExtensionExtension.appex */,
			);
			name = Products;
			sourceTree = "<group>";
		};
		05F69DB2A933D2E0D5D8B7EC /* Pods */ = {
			isa = PBXGroup;
			children = (
				3BEE32946C91F8EEE7DB35BE /* Pods-WaterQualityApp.debug.xcconfig */,
				DF91EDA32CEDE0CA92C58D22 /* Pods-WaterQualityApp.release.xcconfig */,
			);
			path = Pods;
			sourceTree = "<group>";
		};
		140A90DAA2AC05E9680EF61B /* Frameworks */ = {
			isa = PBXGroup;
			children = (
				B70DE70EEF67FCE435B9E17D /* Pods_WaterQualityApp.framework */,
				04C001042EAF971800D59256 /* WidgetKit.framework */,
				04C001062EAF971800D59256 /* SwiftUI.framework */,
			);
			name = Frameworks;
			sourceTree = "<group>";
		};
/* End PBXGroup section */

/* Begin PBXNativeTarget section */
		048494792E993AC300647AA4 /* WaterQualityApp */ = {
			isa = PBXNativeTarget;
			buildConfigurationList = 0484949E2E993AC500647AA4 /* Build configuration list for PBXNativeTarget "WaterQualityApp" */;
			buildPhases = (
				1A58AE007EEFBF896D7EC358 /* [CP] Check Pods Manifest.lock */,
				048494762E993AC300647AA4 /* Sources */,
				048494772E993AC300647AA4 /* Frameworks */,
				048494782E993AC300647AA4 /* Resources */,
				9A12DEA35CC03CF9C316D88F /* [CP] Embed Pods Frameworks */,
				04C001192EAF971900D59256 /* Embed Foundation Extensions */,
			);
			buildRules = (
			);
			dependencies = (
				04C001132EAF971900D59256 /* PBXTargetDependency */,
			);
			fileSystemSynchronizedGroups = (
				0484947C2E993AC300647AA4 /* WaterQualityApp */,
			);
			name = WaterQualityApp;
			productName = WaterQualityApp;
			productReference = 0484947A2E993AC300647AA4 /* WaterQualityApp.app */;
			productType = "com.apple.product-type.application";
		};
		048494892E993AC500647AA4 /* WaterQualityAppTests */ = {
			isa = PBXNativeTarget;
			buildConfigurationList = 048494A12E993AC500647AA4 /* Build configuration list for PBXNativeTarget "WaterQualityAppTests" */;
			buildPhases = (
				048494862E993AC500647AA4 /* Sources */,
				048494872E993AC500647AA4 /* Frameworks */,
				048494882E993AC500647AA4 /* Resources */,
			);
			buildRules = (
			);
			dependencies = (
				0484948C2E993AC500647AA4 /* PBXTargetDependency */,
			);
			fileSystemSynchronizedGroups = (
				0484948D2E993AC500647AA4 /* WaterQualityAppTests */,
			);
			name = WaterQualityAppTests;
			productName = WaterQualityAppTests;
			productReference = 0484948A2E993AC500647AA4 /* WaterQualityAppTests.xctest */;
			productType = "com.apple.product-type.bundle.unit-test";
		};
		048494932E993AC500647AA4 /* WaterQualityAppUITests */ = {
			isa = PBXNativeTarget;
			buildConfigurationList = 048494A42E993AC500647AA4 /* Build configuration list for PBXNativeTarget "WaterQualityAppUITests" */;
			buildPhases = (
				048494902E993AC500647AA4 /* Sources */,
				048494912E993AC500647AA4 /* Frameworks */,
				048494922E993AC500647AA4 /* Resources */,
			);
			buildRules = (
			);
			dependencies = (
				048494962E993AC500647AA4 /* PBXTargetDependency */,
			);
			fileSystemSynchronizedGroups = (
				048494972E993AC500647AA4 /* WaterQualityAppUITests */,
			);
			name = WaterQualityAppUITests;
			productName = WaterQualityAppUITests;
			productReference = 048494942E993AC500647AA4 /* WaterQualityAppUITests.xctest */;
			productType = "com.apple.product-type.bundle.ui-testing";
		};
		04C001022EAF971800D59256 /* HydrationWidgetExtensionExtension */ = {
			isa = PBXNativeTarget;
			buildConfigurationList = 04C001162EAF971900D59256 /* Build configuration list for PBXNativeTarget "HydrationWidgetExtensionExtension" */;
			buildPhases = (
				04C000FF2EAF971800D59256 /* Sources */,
				04C001002EAF971800D59256 /* Frameworks */,
				04C001012EAF971800D59256 /* Resources */,
			);
			buildRules = (
			);
			dependencies = (
			);
			fileSystemSynchronizedGroups = (
				04C001082EAF971800D59256 /* HydrationWidgetExtension */,
			);
			name = HydrationWidgetExtensionExtension;
			packageProductDependencies = (
			);
			productName = HydrationWidgetExtensionExtension;
			productReference = 04C001032EAF971800D59256 /* HydrationWidgetExtensionExtension.appex */;
			productType = "com.apple.product-type.app-extension";
		};
/* End PBXNativeTarget section */

/* Begin PBXProject section */
		048494722E993AC300647AA4 /* Project object */ = {
			isa = PBXProject;
			attributes = {
				BuildIndependentTargetsInParallel = 1;
				LastSwiftUpdateCheck = 1600;
				LastUpgradeCheck = 1600;
				TargetAttributes = {
					048494792E993AC300647AA4 = {
						CreatedOnToolsVersion = 16.0;
					};
					048494892E993AC500647AA4 = {
						CreatedOnToolsVersion = 16.0;
						TestTargetID = 048494792E993AC300647AA4;
					};
					048494932E993AC500647AA4 = {
						CreatedOnToolsVersion = 16.0;
						TestTargetID = 048494792E993AC300647AA4;
					};
					04C001022EAF971800D59256 = {
						CreatedOnToolsVersion = 16.0;
					};
				};
			};
			buildConfigurationList = 048494752E993AC300647AA4 /* Build configuration list for PBXProject "WaterQualityApp" */;
			developmentRegion = en;
			hasScannedForEncodings = 0;
			knownRegions = (
				en,
				Base,
			);
			mainGroup = 048494712E993AC300647AA4;
			minimizedProjectReferenceProxies = 1;
			preferredProjectObjectVersion = 77;
			productRefGroup = 0484947B2E993AC300647AA4 /* Products */;
			projectDirPath = "";
			projectRoot = "";
			targets = (
				048494792E993AC300647AA4 /* WaterQualityApp */,
				048494892E993AC500647AA4 /* WaterQualityAppTests */,
				048494932E993AC500647AA4 /* WaterQualityAppUITests */,
				04C001022EAF971800D59256 /* HydrationWidgetExtensionExtension */,
			);
		};
/* End PBXProject section */

/* Begin PBXResourcesBuildPhase section */
		048494782E993AC300647AA4 /* Resources */ = {
			isa = PBXResourcesBuildPhase;
			buildActionMask = 2147483647;
			files = (
				047E5DAC2EA9038600E36996 /* GoogleService-Info.plist in Resources */,
			);
			runOnlyForDeploymentPostprocessing = 0;
		};
		048494882E993AC500647AA4 /* Resources */ = {
			isa = PBXResourcesBuildPhase;
			buildActionMask = 2147483647;
			files = (
				047E5DAD2EA9038600E36996 /* GoogleService-Info.plist in Resources */,
			);
			runOnlyForDeploymentPostprocessing = 0;
		};
		048494922E993AC500647AA4 /* Resources */ = {
			isa = PBXResourcesBuildPhase;
			buildActionMask = 2147483647;
			files = (
				047E5DAE2EA9038600E36996 /* GoogleService-Info.plist in Resources */,
			);
			runOnlyForDeploymentPostprocessing = 0;
		};
		04C001012EAF971800D59256 /* Resources */ = {
			isa = PBXResourcesBuildPhase;
			buildActionMask = 2147483647;
			files = (
			);
			runOnlyForDeploymentPostprocessing = 0;
		};
/* End PBXResourcesBuildPhase section */

/* Begin PBXShellScriptBuildPhase section */
		1A58AE007EEFBF896D7EC358 /* [CP] Check Pods Manifest.lock */ = {
			isa = PBXShellScriptBuildPhase;
			buildActionMask = 2147483647;
			files = (
			);
			inputFileListPaths = (
			);
			inputPaths = (
				"${PODS_PODFILE_DIR_PATH}/Podfile.lock",
				"${PODS_ROOT}/Manifest.lock",
			);
			name = "[CP] Check Pods Manifest.lock";
			outputFileListPaths = (
			);
			outputPaths = (
				"$(DERIVED_FILE_DIR)/Pods-WaterQualityApp-checkManifestLockResult.txt",
			);
			runOnlyForDeploymentPostprocessing = 0;
			shellPath = /bin/sh;
			shellScript = "diff \"${PODS_PODFILE_DIR_PATH}/Podfile.lock\" \"${PODS_ROOT}/Manifest.lock\" > /dev/null\nif [ $? != 0 ] ; then\n    # print error to STDERR\n    echo \"error: The sandbox is not in sync with the Podfile.lock. Run 'pod install' or update your CocoaPods installation.\" >&2\n    exit 1\nfi\n# This output is used by Xcode 'outputs' to avoid re-running this script phase.\necho \"SUCCESS\" > \"${SCRIPT_OUTPUT_FILE_0}\"\n";
			showEnvVarsInLog = 0;
		};
		9A12DEA35CC03CF9C316D88F /* [CP] Embed Pods Frameworks */ = {
			isa = PBXShellScriptBuildPhase;
			buildActionMask = 2147483647;
			files = (
			);
			inputFileListPaths = (
				"${PODS_ROOT}/Target Support Files/Pods-WaterQualityApp/Pods-WaterQualityApp-frameworks-${CONFIGURATION}-input-files.xcfilelist",
			);
			name = "[CP] Embed Pods Frameworks";
			outputFileListPaths = (
				"${PODS_ROOT}/Target Support Files/Pods-WaterQualityApp/Pods-WaterQualityApp-frameworks-${CONFIGURATION}-output-files.xcfilelist",
			);
			runOnlyForDeploymentPostprocessing = 0;
			shellPath = /bin/sh;
			shellScript = "\"${PODS_ROOT}/Target Support Files/Pods-WaterQualityApp/Pods-WaterQualityApp-frameworks.sh\"\n";
			showEnvVarsInLog = 0;
		};
/* End PBXShellScriptBuildPhase section */

/* Begin PBXSourcesBuildPhase section */
		048494762E993AC300647AA4 /* Sources */ = {
			isa = PBXSourcesBuildPhase;
			buildActionMask = 2147483647;
			files = (
			);
			runOnlyForDeploymentPostprocessing = 0;
		};
		048494862E993AC500647AA4 /* Sources */ = {
			isa = PBXSourcesBuildPhase;
			buildActionMask = 2147483647;
			files = (
			);
			runOnlyForDeploymentPostprocessing = 0;
		};
		048494902E993AC500647AA4 /* Sources */ = {
			isa = PBXSourcesBuildPhase;
			buildActionMask = 2147483647;
			files = (
			);
			runOnlyForDeploymentPostprocessing = 0;
		};
		04C000FF2EAF971800D59256 /* Sources */ = {
			isa = PBXSourcesBuildPhase;
			buildActionMask = 2147483647;
			files = (
			);
			runOnlyForDeploymentPostprocessing = 0;
		};
/* End PBXSourcesBuildPhase section */

/* Begin PBXTargetDependency section */
		0484948C2E993AC500647AA4 /* PBXTargetDependency */ = {
			isa = PBXTargetDependency;
			target = 048494792E993AC300647AA4 /* WaterQualityApp */;
			targetProxy = 0484948B2E993AC500647AA4 /* PBXContainerItemProxy */;
		};
		048494962E993AC500647AA4 /* PBXTargetDependency */ = {
			isa = PBXTargetDependency;
			target = 048494792E993AC300647AA4 /* WaterQualityApp */;
			targetProxy = 048494952E993AC500647AA4 /* PBXContainerItemProxy */;
		};
		04C001132EAF971900D59256 /* PBXTargetDependency */ = {
			isa = PBXTargetDependency;
			target = 04C001022EAF971800D59256 /* HydrationWidgetExtensionExtension */;
			targetProxy = 04C001122EAF971900D59256 /* PBXContainerItemProxy */;
		};
/* End PBXTargetDependency section */

/* Begin XCBuildConfiguration section */
		0484949C2E993AC500647AA4 /* Debug */ = {
			isa = XCBuildConfiguration;
			buildSettings = {
				ALWAYS_SEARCH_USER_PATHS = NO;
				ASSETCATALOG_COMPILER_GENERATE_SWIFT_ASSET_SYMBOL_EXTENSIONS = YES;
				CLANG_ANALYZER_NONNULL = YES;
				CLANG_ANALYZER_NUMBER_OBJECT_CONVERSION = YES_AGGRESSIVE;
				CLANG_CXX_LANGUAGE_STANDARD = "gnu++20";
				CLANG_ENABLE_MODULES = YES;
				CLANG_ENABLE_OBJC_ARC = YES;
				CLANG_ENABLE_OBJC_WEAK = YES;
				CLANG_WARN_BLOCK_CAPTURE_AUTORELEASING = YES;
				CLANG_WARN_BOOL_CONVERSION = YES;
				CLANG_WARN_COMMA = YES;
				CLANG_WARN_CONSTANT_CONVERSION = YES;
				CLANG_WARN_DEPRECATED_OBJC_IMPLEMENTATIONS = YES;
				CLANG_WARN_DIRECT_OBJC_ISA_USAGE = YES_ERROR;
				CLANG_WARN_DOCUMENTATION_COMMENTS = YES;
				CLANG_WARN_EMPTY_BODY = YES;
				CLANG_WARN_ENUM_CONVERSION = YES;
				CLANG_WARN_INFINITE_RECURSION = YES;
				CLANG_WARN_INT_CONVERSION = YES;
				CLANG_WARN_NON_LITERAL_NULL_CONVERSION = YES;
				CLANG_WARN_OBJC_IMPLICIT_RETAIN_SELF = YES;
				CLANG_WARN_OBJC_LITERAL_CONVERSION = YES;
				CLANG_WARN_OBJC_ROOT_CLASS = YES_ERROR;
				CLANG_WARN_QUOTED_INCLUDE_IN_FRAMEWORK_HEADER = YES;
				CLANG_WARN_RANGE_LOOP_ANALYSIS = YES;
				CLANG_WARN_STRICT_PROTOTYPES = YES;
				CLANG_WARN_SUSPICIOUS_MOVE = YES;
				CLANG_WARN_UNGUARDED_AVAILABILITY = YES_AGGRESSIVE;
				CLANG_WARN_UNREACHABLE_CODE = YES;
				CLANG_WARN__DUPLICATE_METHOD_MATCH = YES;
				COPY_PHASE_STRIP = NO;
				DEBUG_INFORMATION_FORMAT = dwarf;
				ENABLE_STRICT_OBJC_MSGSEND = YES;
				ENABLE_TESTABILITY = YES;
				ENABLE_USER_SCRIPT_SANDBOXING = NO;
				EXCLUDED_ARCHS = "";
				GCC_C_LANGUAGE_STANDARD = gnu17;
				GCC_DYNAMIC_NO_PIC = NO;
				GCC_NO_COMMON_BLOCKS = YES;
				GCC_OPTIMIZATION_LEVEL = 0;
				GCC_PREPROCESSOR_DEFINITIONS = (
					"DEBUG=1",
					"$(inherited)",
				);
				GCC_WARN_64_TO_32_BIT_CONVERSION = YES;
				GCC_WARN_ABOUT_RETURN_TYPE = YES_ERROR;
				GCC_WARN_UNDECLARED_SELECTOR = YES;
				GCC_WARN_UNINITIALIZED_AUTOS = YES_AGGRESSIVE;
				GCC_WARN_UNUSED_FUNCTION = YES;
				GCC_WARN_UNUSED_VARIABLE = YES;
				IPHONEOS_DEPLOYMENT_TARGET = 18.0;
				LOCALIZATION_PREFERS_STRING_CATALOGS = YES;
				MTL_ENABLE_DEBUG_INFO = INCLUDE_SOURCE;
				MTL_FAST_MATH = YES;
				ONLY_ACTIVE_ARCH = YES;
				SDKROOT = iphoneos;
				SWIFT_ACTIVE_COMPILATION_CONDITIONS = "DEBUG $(inherited)";
				SWIFT_OPTIMIZATION_LEVEL = "-Onone";
			};
			name = Debug;
		};
		0484949D2E993AC500647AA4 /* Release */ = {
			isa = XCBuildConfiguration;
			buildSettings = {
				ALWAYS_SEARCH_USER_PATHS = NO;
				ASSETCATALOG_COMPILER_GENERATE_SWIFT_ASSET_SYMBOL_EXTENSIONS = YES;
				CLANG_ANALYZER_NONNULL = YES;
				CLANG_ANALYZER_NUMBER_OBJECT_CONVERSION = YES_AGGRESSIVE;
				CLANG_CXX_LANGUAGE_STANDARD = "gnu++20";
				CLANG_ENABLE_MODULES = YES;
				CLANG_ENABLE_OBJC_ARC = YES;
				CLANG_ENABLE_OBJC_WEAK = YES;
				CLANG_WARN_BLOCK_CAPTURE_AUTORELEASING = YES;
				CLANG_WARN_BOOL_CONVERSION = YES;
				CLANG_WARN_COMMA = YES;
				CLANG_WARN_CONSTANT_CONVERSION = YES;
				CLANG_WARN_DEPRECATED_OBJC_IMPLEMENTATIONS = YES;
				CLANG_WARN_DIRECT_OBJC_ISA_USAGE = YES_ERROR;
				CLANG_WARN_DOCUMENTATION_COMMENTS = YES;
				CLANG_WARN_EMPTY_BODY = YES;
				CLANG_WARN_ENUM_CONVERSION = YES;
				CLANG_WARN_INFINITE_RECURSION = YES;
				CLANG_WARN_INT_CONVERSION = YES;
				CLANG_WARN_NON_LITERAL_NULL_CONVERSION = YES;
				CLANG_WARN_OBJC_IMPLICIT_RETAIN_SELF = YES;
				CLANG_WARN_OBJC_LITERAL_CONVERSION = YES;
				CLANG_WARN_OBJC_ROOT_CLASS = YES_ERROR;
				CLANG_WARN_QUOTED_INCLUDE_IN_FRAMEWORK_HEADER = YES;
				CLANG_WARN_RANGE_LOOP_ANALYSIS = YES;
				CLANG_WARN_STRICT_PROTOTYPES = YES;
				CLANG_WARN_SUSPICIOUS_MOVE = YES;
				CLANG_WARN_UNGUARDED_AVAILABILITY = YES_AGGRESSIVE;
				CLANG_WARN_UNREACHABLE_CODE = YES;
				CLANG_WARN__DUPLICATE_METHOD_MATCH = YES;
				COPY_PHASE_STRIP = NO;
				DEBUG_INFORMATION_FORMAT = "dwarf-with-dsym";
				ENABLE_NS_ASSERTIONS = NO;
				ENABLE_STRICT_OBJC_MSGSEND = YES;
				ENABLE_USER_SCRIPT_SANDBOXING = NO;
				EXCLUDED_ARCHS = "";
				GCC_C_LANGUAGE_STANDARD = gnu17;
				GCC_NO_COMMON_BLOCKS = YES;
				GCC_WARN_64_TO_32_BIT_CONVERSION = YES;
				GCC_WARN_ABOUT_RETURN_TYPE = YES_ERROR;
				GCC_WARN_UNDECLARED_SELECTOR = YES;
				GCC_WARN_UNINITIALIZED_AUTOS = YES_AGGRESSIVE;
				GCC_WARN_UNUSED_FUNCTION = YES;
				GCC_WARN_UNUSED_VARIABLE = YES;
				IPHONEOS_DEPLOYMENT_TARGET = 18.0;
				LOCALIZATION_PREFERS_STRING_CATALOGS = YES;
				MTL_ENABLE_DEBUG_INFO = NO;
				MTL_FAST_MATH = YES;
				SDKROOT = iphoneos;
				SWIFT_COMPILATION_MODE = wholemodule;
				VALIDATE_PRODUCT = YES;
			};
			name = Release;
		};
		0484949F2E993AC500647AA4 /* Debug */ = {
			isa = XCBuildConfiguration;
			baseConfigurationReference = 3BEE32946C91F8EEE7DB35BE /* Pods-WaterQualityApp.debug.xcconfig */;
			buildSettings = {
				ASSETCATALOG_COMPILER_APPICON_NAME = AppIcon;
				ASSETCATALOG_COMPILER_GLOBAL_ACCENT_COLOR_NAME = AccentColor;
				CODE_SIGN_STYLE = Automatic;
				CURRENT_PROJECT_VERSION = 1;
				DEVELOPMENT_ASSET_PATHS = "\"WaterQualityApp/Preview Content\"";
				DEVELOPMENT_TEAM = 275W425BAN;
				ENABLE_PREVIEWS = YES;
				GENERATE_INFOPLIST_FILE = YES;
				INFOPLIST_KEY_NSCameraUsageDescription = "Want to use your camera";
				INFOPLIST_KEY_UIApplicationSceneManifest_Generation = YES;
				INFOPLIST_KEY_UIApplicationSupportsIndirectInputEvents = YES;
				INFOPLIST_KEY_UILaunchScreen_Generation = YES;
				INFOPLIST_KEY_UISupportedInterfaceOrientations_iPad = "UIInterfaceOrientationPortrait UIInterfaceOrientationPortraitUpsideDown UIInterfaceOrientationLandscapeLeft UIInterfaceOrientationLandscapeRight";
				INFOPLIST_KEY_UISupportedInterfaceOrientations_iPhone = "UIInterfaceOrientationPortrait UIInterfaceOrientationLandscapeLeft UIInterfaceOrientationLandscapeRight";
				LD_RUNPATH_SEARCH_PATHS = (
					"$(inherited)",
					"@executable_path/Frameworks",
				);
				MARKETING_VERSION = 1.0;
				PRODUCT_BUNDLE_IDENTIFIER = Onlock.WaterQualityApp;
				PRODUCT_NAME = "$(TARGET_NAME)";
				SWIFT_EMIT_LOC_STRINGS = YES;
				SWIFT_VERSION = 5.0;
				TARGETED_DEVICE_FAMILY = "1,2";
			};
			name = Debug;
		};
		048494A02E993AC500647AA4 /* Release */ = {
			isa = XCBuildConfiguration;
			baseConfigurationReference = DF91EDA32CEDE0CA92C58D22 /* Pods-WaterQualityApp.release.xcconfig */;
			buildSettings = {
				ASSETCATALOG_COMPILER_APPICON_NAME = AppIcon;
				ASSETCATALOG_COMPILER_GLOBAL_ACCENT_COLOR_NAME = AccentColor;
				CODE_SIGN_STYLE = Automatic;
				CURRENT_PROJECT_VERSION = 1;
				DEVELOPMENT_ASSET_PATHS = "\"WaterQualityApp/Preview Content\"";
				DEVELOPMENT_TEAM = 275W425BAN;
				ENABLE_PREVIEWS = YES;
				GENERATE_INFOPLIST_FILE = YES;
				INFOPLIST_KEY_NSCameraUsageDescription = "Want to use your camera";
				INFOPLIST_KEY_UIApplicationSceneManifest_Generation = YES;
				INFOPLIST_KEY_UIApplicationSupportsIndirectInputEvents = YES;
				INFOPLIST_KEY_UILaunchScreen_Generation = YES;
				INFOPLIST_KEY_UISupportedInterfaceOrientations_iPad = "UIInterfaceOrientationPortrait UIInterfaceOrientationPortraitUpsideDown UIInterfaceOrientationLandscapeLeft UIInterfaceOrientationLandscapeRight";
				INFOPLIST_KEY_UISupportedInterfaceOrientations_iPhone = "UIInterfaceOrientationPortrait UIInterfaceOrientationLandscapeLeft UIInterfaceOrientationLandscapeRight";
				LD_RUNPATH_SEARCH_PATHS = (
					"$(inherited)",
					"@executable_path/Frameworks",
				);
				MARKETING_VERSION = 1.0;
				PRODUCT_BUNDLE_IDENTIFIER = Onlock.WaterQualityApp;
				PRODUCT_NAME = "$(TARGET_NAME)";
				SWIFT_EMIT_LOC_STRINGS = YES;
				SWIFT_VERSION = 5.0;
				TARGETED_DEVICE_FAMILY = "1,2";
			};
			name = Release;
		};
		048494A22E993AC500647AA4 /* Debug */ = {
			isa = XCBuildConfiguration;
			buildSettings = {
				BUNDLE_LOADER = "$(TEST_HOST)";
				CODE_SIGN_STYLE = Automatic;
				CURRENT_PROJECT_VERSION = 1;
				DEVELOPMENT_TEAM = S7JZ82LZ75;
				GENERATE_INFOPLIST_FILE = YES;
				IPHONEOS_DEPLOYMENT_TARGET = 18.0;
				MARKETING_VERSION = 1.0;
				PRODUCT_BUNDLE_IDENTIFIER = Onlock.WaterQualityAppTests;
				PRODUCT_NAME = "$(TARGET_NAME)";
				SWIFT_EMIT_LOC_STRINGS = NO;
				SWIFT_VERSION = 5.0;
				TARGETED_DEVICE_FAMILY = "1,2";
				TEST_HOST = "$(BUILT_PRODUCTS_DIR)/WaterQualityApp.app/$(BUNDLE_EXECUTABLE_FOLDER_PATH)/WaterQualityApp";
			};
			name = Debug;
		};
		048494A32E993AC500647AA4 /* Release */ = {
			isa = XCBuildConfiguration;
			buildSettings = {
				BUNDLE_LOADER = "$(TEST_HOST)";
				CODE_SIGN_STYLE = Automatic;
				CURRENT_PROJECT_VERSION = 1;
				DEVELOPMENT_TEAM = S7JZ82LZ75;
				GENERATE_INFOPLIST_FILE = YES;
				IPHONEOS_DEPLOYMENT_TARGET = 18.0;
				MARKETING_VERSION = 1.0;
				PRODUCT_BUNDLE_IDENTIFIER = Onlock.WaterQualityAppTests;
				PRODUCT_NAME = "$(TARGET_NAME)";
				SWIFT_EMIT_LOC_STRINGS = NO;
				SWIFT_VERSION = 5.0;
				TARGETED_DEVICE_FAMILY = "1,2";
				TEST_HOST = "$(BUILT_PRODUCTS_DIR)/WaterQualityApp.app/$(BUNDLE_EXECUTABLE_FOLDER_PATH)/WaterQualityApp";
			};
			name = Release;
		};
		048494A52E993AC500647AA4 /* Debug */ = {
			isa = XCBuildConfiguration;
			buildSettings = {
				CODE_SIGN_STYLE = Automatic;
				CURRENT_PROJECT_VERSION = 1;
				DEVELOPMENT_TEAM = S7JZ82LZ75;
				GENERATE_INFOPLIST_FILE = YES;
				MARKETING_VERSION = 1.0;
				PRODUCT_BUNDLE_IDENTIFIER = Onlock.WaterQualityAppUITests;
				PRODUCT_NAME = "$(TARGET_NAME)";
				SWIFT_EMIT_LOC_STRINGS = NO;
				SWIFT_VERSION = 5.0;
				TARGETED_DEVICE_FAMILY = "1,2";
				TEST_TARGET_NAME = WaterQualityApp;
			};
			name = Debug;
		};
		048494A62E993AC500647AA4 /* Release */ = {
			isa = XCBuildConfiguration;
			buildSettings = {
				CODE_SIGN_STYLE = Automatic;
				CURRENT_PROJECT_VERSION = 1;
				DEVELOPMENT_TEAM = S7JZ82LZ75;
				GENERATE_INFOPLIST_FILE = YES;
				MARKETING_VERSION = 1.0;
				PRODUCT_BUNDLE_IDENTIFIER = Onlock.WaterQualityAppUITests;
				PRODUCT_NAME = "$(TARGET_NAME)";
				SWIFT_EMIT_LOC_STRINGS = NO;
				SWIFT_VERSION = 5.0;
				TARGETED_DEVICE_FAMILY = "1,2";
				TEST_TARGET_NAME = WaterQualityApp;
			};
			name = Release;
		};
		04C001172EAF971900D59256 /* Debug */ = {
			isa = XCBuildConfiguration;
			buildSettings = {
				ASSETCATALOG_COMPILER_GLOBAL_ACCENT_COLOR_NAME = AccentColor;
				ASSETCATALOG_COMPILER_WIDGET_BACKGROUND_COLOR_NAME = WidgetBackground;
				CODE_SIGN_STYLE = Automatic;
				CURRENT_PROJECT_VERSION = 1;
				DEVELOPMENT_TEAM = 275W425BAN;
				ENABLE_USER_SCRIPT_SANDBOXING = YES;
				GENERATE_INFOPLIST_FILE = YES;
				INFOPLIST_FILE = HydrationWidgetExtension/Info.plist;
				INFOPLIST_KEY_CFBundleDisplayName = HydrationWidgetExtension;
				INFOPLIST_KEY_NSHumanReadableCopyright = "";
				LD_RUNPATH_SEARCH_PATHS = (
					"$(inherited)",
					"@executable_path/Frameworks",
					"@executable_path/../../Frameworks",
				);
				MARKETING_VERSION = 1.0;
				PRODUCT_BUNDLE_IDENTIFIER = Onlock.WaterQualityApp.HydrationWidgetExtension;
				PRODUCT_NAME = "$(TARGET_NAME)";
				SKIP_INSTALL = YES;
				SWIFT_EMIT_LOC_STRINGS = YES;
				SWIFT_VERSION = 5.0;
				TARGETED_DEVICE_FAMILY = "1,2";
			};
			name = Debug;
		};
		04C001182EAF971900D59256 /* Release */ = {
			isa = XCBuildConfiguration;
			buildSettings = {
				ASSETCATALOG_COMPILER_GLOBAL_ACCENT_COLOR_NAME = AccentColor;
				ASSETCATALOG_COMPILER_WIDGET_BACKGROUND_COLOR_NAME = WidgetBackground;
				CODE_SIGN_STYLE = Automatic;
				CURRENT_PROJECT_VERSION = 1;
				DEVELOPMENT_TEAM = 275W425BAN;
				ENABLE_USER_SCRIPT_SANDBOXING = YES;
				GENERATE_INFOPLIST_FILE = YES;
				INFOPLIST_FILE = HydrationWidgetExtension/Info.plist;
				INFOPLIST_KEY_CFBundleDisplayName = HydrationWidgetExtension;
				INFOPLIST_KEY_NSHumanReadableCopyright = "";
				LD_RUNPATH_SEARCH_PATHS = (
					"$(inherited)",
					"@executable_path/Frameworks",
					"@executable_path/../../Frameworks",
				);
				MARKETING_VERSION = 1.0;
				PRODUCT_BUNDLE_IDENTIFIER = Onlock.WaterQualityApp.HydrationWidgetExtension;
				PRODUCT_NAME = "$(TARGET_NAME)";
				SKIP_INSTALL = YES;
				SWIFT_EMIT_LOC_STRINGS = YES;
				SWIFT_VERSION = 5.0;
				TARGETED_DEVICE_FAMILY = "1,2";
			};
			name = Release;
		};
/* End XCBuildConfiguration section */

/* Begin XCConfigurationList section */
		048494752E993AC300647AA4 /* Build configuration list for PBXProject "WaterQualityApp" */ = {
			isa = XCConfigurationList;
			buildConfigurations = (
				0484949C2E993AC500647AA4 /* Debug */,
				0484949D2E993AC500647AA4 /* Release */,
			);
			defaultConfigurationIsVisible = 0;
			defaultConfigurationName = Release;
		};
		0484949E2E993AC500647AA4 /* Build configuration list for PBXNativeTarget "WaterQualityApp" */ = {
			isa = XCConfigurationList;
			buildConfigurations = (
				0484949F2E993AC500647AA4 /* Debug */,
				048494A02E993AC500647AA4 /* Release */,
			);
			defaultConfigurationIsVisible = 0;
			defaultConfigurationName = Release;
		};
		048494A12E993AC500647AA4 /* Build configuration list for PBXNativeTarget "WaterQualityAppTests" */ = {
			isa = XCConfigurationList;
			buildConfigurations = (
				048494A22E993AC500647AA4 /* Debug */,
				048494A32E993AC500647AA4 /* Release */,
			);
			defaultConfigurationIsVisible = 0;
			defaultConfigurationName = Release;
		};
		048494A42E993AC500647AA4 /* Build configuration list for PBXNativeTarget "WaterQualityAppUITests" */ = {
			isa = XCConfigurationList;
			buildConfigurations = (
				048494A52E993AC500647AA4 /* Debug */,
				048494A62E993AC500647AA4 /* Release */,
			);
			defaultConfigurationIsVisible = 0;
			defaultConfigurationName = Release;
		};
		04C001162EAF971900D59256 /* Build configuration list for PBXNativeTarget "HydrationWidgetExtensionExtension" */ = {
			isa = XCConfigurationList;
			buildConfigurations = (
				04C001172EAF971900D59256 /* Debug */,
				04C001182EAF971900D59256 /* Release */,
			);
			defaultConfigurationIsVisible = 0;
			defaultConfigurationName = Release;
		};
/* End XCConfigurationList section */
	};
	rootObject = 048494722E993AC300647AA4 /* Project object */;
}
